
Microsoft Visual Studio Solution File, Format Version 12.00
# Visual Studio Version 16
VisualStudioVersion = 16.0.29102.190
MinimumVisualStudioVersion = 10.0.40219.1
Project("{9A19103F-16F7-4668-BE54-9A1E7A4F7556}") = "Carpool", "Carpool\Carpool.csproj", "{D8A0CD4E-3C9A-4C1F-9D48-E1A7AC3153C1}"
EndProject
Project("{2150E333-8FDC-42A3-9474-1A3956D46DE8}") = "Application", "Application", "{C0D7DC21-C187-4139-AA86-7512D8BDE8CB}"
EndProject
Project("{9A19103F-16F7-4668-BE54-9A1E7A4F7556}") = "Carpool.Application", "Carpool.Application\Carpool.Application.csproj", "{889CCA01-5303-42B9-911B-98FBB8369B07}"
EndProject
Project("{2150E333-8FDC-42A3-9474-1A3956D46DE8}") = "Domain", "Domain", "{AFA4D1F5-2F1D-462C-8314-0EA5AC604AD7}"
EndProject
Project("{9A19103F-16F7-4668-BE54-9A1E7A4F7556}") = "Carpool.Domain", "Carpool.Domain\Carpool.Domain.csproj", "{842E36BB-1049-48D7-8935-526B7F4606C8}"
EndProject
Project("{2150E333-8FDC-42A3-9474-1A3956D46DE8}") = "Data", "Data", "{4075003C-7834-4788-B6A8-B0C8DD8C0F62}"
EndProject
Project("{9A19103F-16F7-4668-BE54-9A1E7A4F7556}") = "Carpool.Data", "Carpool.Data\Carpool.Data.csproj", "{58482CBC-C111-4495-8163-7F3A00949FF9}"
EndProject
Project("{2150E333-8FDC-42A3-9474-1A3956D46DE8}") = "Presentation", "Presentation", "{4277629D-184F-4AB6-97E4-04D50DC88DCB}"
EndProject
Global
	GlobalSection(SolutionConfigurationPlatforms) = preSolution
		Debug|Any CPU = Debug|Any CPU
		Release|Any CPU = Release|Any CPU
	EndGlobalSection
	GlobalSection(ProjectConfigurationPlatforms) = postSolution
		{D8A0CD4E-3C9A-4C1F-9D48-E1A7AC3153C1}.Debug|Any CPU.ActiveCfg = Debug|Any CPU
		{D8A0CD4E-3C9A-4C1F-9D48-E1A7AC3153C1}.Debug|Any CPU.Build.0 = Debug|Any CPU
		{D8A0CD4E-3C9A-4C1F-9D48-E1A7AC3153C1}.Release|Any CPU.ActiveCfg = Release|Any CPU
		{D8A0CD4E-3C9A-4C1F-9D48-E1A7AC3153C1}.Release|Any CPU.Build.0 = Release|Any CPU
		{889CCA01-5303-42B9-911B-98FBB8369B07}.Debug|Any CPU.ActiveCfg = Debug|Any CPU
		{889CCA01-5303-42B9-911B-98FBB8369B07}.Debug|Any CPU.Build.0 = Debug|Any CPU
		{889CCA01-5303-42B9-911B-98FBB8369B07}.Release|Any CPU.ActiveCfg = Release|Any CPU
		{889CCA01-5303-42B9-911B-98FBB8369B07}.Release|Any CPU.Build.0 = Release|Any CPU
		{842E36BB-1049-48D7-8935-526B7F4606C8}.Debug|Any CPU.ActiveCfg = Debug|Any CPU
		{842E36BB-1049-48D7-8935-526B7F4606C8}.Debug|Any CPU.Build.0 = Debug|Any CPU
		{842E36BB-1049-48D7-8935-526B7F4606C8}.Release|Any CPU.ActiveCfg = Release|Any CPU
		{842E36BB-1049-48D7-8935-526B7F4606C8}.Release|Any CPU.Build.0 = Release|Any CPU
		{58482CBC-C111-4495-8163-7F3A00949FF9}.Debug|Any CPU.ActiveCfg = Debug|Any CPU
		{58482CBC-C111-4495-8163-7F3A00949FF9}.Debug|Any CPU.Build.0 = Debug|Any CPU
		{58482CBC-C111-4495-8163-7F3A00949FF9}.Release|Any CPU.ActiveCfg = Release|Any CPU
		{58482CBC-C111-4495-8163-7F3A00949FF9}.Release|Any CPU.Build.0 = Release|Any CPU
	EndGlobalSection
	GlobalSection(SolutionProperties) = preSolution
		HideSolutionNode = FALSE
	EndGlobalSection
	GlobalSection(NestedProjects) = preSolution
		{D8A0CD4E-3C9A-4C1F-9D48-E1A7AC3153C1} = {4277629D-184F-4AB6-97E4-04D50DC88DCB}
		{889CCA01-5303-42B9-911B-98FBB8369B07} = {C0D7DC21-C187-4139-AA86-7512D8BDE8CB}
		{842E36BB-1049-48D7-8935-526B7F4606C8} = {AFA4D1F5-2F1D-462C-8314-0EA5AC604AD7}
		{58482CBC-C111-4495-8163-7F3A00949FF9} = {4075003C-7834-4788-B6A8-B0C8DD8C0F62}
	EndGlobalSection
	GlobalSection(ExtensibilityGlobals) = postSolution
		SolutionGuid = {B9E579DE-4824-431F-A65F-E961532CF483}
	EndGlobalSection
EndGlobal
